
Microsoft Visual Studio Solution File, Format Version 12.00
# Visual Studio Version 16
VisualStudioVersion = 16.0.30503.244
MinimumVisualStudioVersion = 10.0.40219.1
Project("{FAE04EC0-301F-11D3-BF4B-00C04F79EFBC}") = "NewBook", "NewBook.csproj", "{863EAAD7-8216-4490-909F-04833213CFCB}"
EndProject
Project("{FAE04EC0-301F-11D3-BF4B-00C04F79EFBC}") = "NewBook.DataAccess", "..\NewBook.DataAccess\NewBook.DataAccess.csproj", "{FCE44251-2454-4CA8-B2A9-AFFC16E3371F}"
EndProject
Project("{FAE04EC0-301F-11D3-BF4B-00C04F79EFBC}") = "NewBook.Models", "..\NewBook.Models\NewBook.Models.csproj", "{E96B097A-0E1E-43C0-A2D6-58B257DBE8C4}"
EndProject
Project("{FAE04EC0-301F-11D3-BF4B-00C04F79EFBC}") = "NewBook.Utility", "..\NewBook.Utility\NewBook.Utility.csproj", "{A42AAF0B-49B6-4058-A5ED-28B6D7B834F9}"
EndProject
Global
	GlobalSection(SolutionConfigurationPlatforms) = preSolution
		Debug|Any CPU = Debug|Any CPU
		Release|Any CPU = Release|Any CPU
	EndGlobalSection
	GlobalSection(ProjectConfigurationPlatforms) = postSolution
		{863EAAD7-8216-4490-909F-04833213CFCB}.Debug|Any CPU.ActiveCfg = Debug|Any CPU
		{863EAAD7-8216-4490-909F-04833213CFCB}.Debug|Any CPU.Build.0 = Debug|Any CPU
		{863EAAD7-8216-4490-909F-04833213CFCB}.Release|Any CPU.ActiveCfg = Release|Any CPU
		{863EAAD7-8216-4490-909F-04833213CFCB}.Release|Any CPU.Build.0 = Release|Any CPU
		{FCE44251-2454-4CA8-B2A9-AFFC16E3371F}.Debug|Any CPU.ActiveCfg = Debug|Any CPU
		{FCE44251-2454-4CA8-B2A9-AFFC16E3371F}.Debug|Any CPU.Build.0 = Debug|Any CPU
		{FCE44251-2454-4CA8-B2A9-AFFC16E3371F}.Release|Any CPU.ActiveCfg = Release|Any CPU
		{FCE44251-2454-4CA8-B2A9-AFFC16E3371F}.Release|Any CPU.Build.0 = Release|Any CPU
		{E96B097A-0E1E-43C0-A2D6-58B257DBE8C4}.Debug|Any CPU.ActiveCfg = Debug|Any CPU
		{E96B097A-0E1E-43C0-A2D6-58B257DBE8C4}.Debug|Any CPU.Build.0 = Debug|Any CPU
		{E96B097A-0E1E-43C0-A2D6-58B257DBE8C4}.Release|Any CPU.ActiveCfg = Release|Any CPU
		{E96B097A-0E1E-43C0-A2D6-58B257DBE8C4}.Release|Any CPU.Build.0 = Release|Any CPU
		{A42AAF0B-49B6-4058-A5ED-28B6D7B834F9}.Debug|Any CPU.ActiveCfg = Debug|Any CPU
		{A42AAF0B-49B6-4058-A5ED-28B6D7B834F9}.Debug|Any CPU.Build.0 = Debug|Any CPU
		{A42AAF0B-49B6-4058-A5ED-28B6D7B834F9}.Release|Any CPU.ActiveCfg = Release|Any CPU
		{A42AAF0B-49B6-4058-A5ED-28B6D7B834F9}.Release|Any CPU.Build.0 = Release|Any CPU
	EndGlobalSection
	GlobalSection(SolutionProperties) = preSolution
		HideSolutionNode = FALSE
	EndGlobalSection
	GlobalSection(ExtensibilityGlobals) = postSolution
		SolutionGuid = {BB786B8F-84AB-4013-909A-0D9EC74F1718}
	EndGlobalSection
EndGlobal
